
Microsoft Visual Studio Solution File, Format Version 12.00
# Visual Studio 15
VisualStudioVersion = 15.0.28307.1433
MinimumVisualStudioVersion = 10.0.40219.1
Project("{8BC9CEB8-8B4A-11D0-8D11-00A0C91BC942}") = "对数杂波分布生成", "对数杂波分布生成\对数杂波分布生成.vcxproj", "{5127E23B-7D46-4CBD-A42E-8AA6EF3669F8}"
EndProject
Global
	GlobalSection(SolutionConfigurationPlatforms) = preSolution
		Debug|x64 = Debug|x64
		Debug|x86 = Debug|x86
		Release|x64 = Release|x64
		Release|x86 = Release|x86
	EndGlobalSection
	GlobalSection(ProjectConfigurationPlatforms) = postSolution
		{5127E23B-7D46-4CBD-A42E-8AA6EF3669F8}.Debug|x64.ActiveCfg = Debug|x64
		{5127E23B-7D46-4CBD-A42E-8AA6EF3669F8}.Debug|x64.Build.0 = Debug|x64
		{5127E23B-7D46-4CBD-A42E-8AA6EF3669F8}.Debug|x86.ActiveCfg = Debug|Win32
		{5127E23B-7D46-4CBD-A42E-8AA6EF3669F8}.Debug|x86.Build.0 = Debug|Win32
		{5127E23B-7D46-4CBD-A42E-8AA6EF3669F8}.Release|x64.ActiveCfg = Release|x64
		{5127E23B-7D46-4CBD-A42E-8AA6EF3669F8}.Release|x64.Build.0 = Release|x64
		{5127E23B-7D46-4CBD-A42E-8AA6EF3669F8}.Release|x86.ActiveCfg = Release|Win32
		{5127E23B-7D46-4CBD-A42E-8AA6EF3669F8}.Release|x86.Build.0 = Release|Win32
	EndGlobalSection
	GlobalSection(SolutionProperties) = preSolution
		HideSolutionNode = FALSE
	EndGlobalSection
	GlobalSection(ExtensibilityGlobals) = postSolution
		SolutionGuid = {FF3547A0-C53A-497F-B7C5-EC7A93A07B82}
	EndGlobalSection
EndGlobal
